// !$*UTF8*$!
{
	archiveVersion = 1;
	classes = {
	};
	objectVersion = 50;
	objects = {

/* Begin PBXBuildFile section */
		B52F1B962327AAD7001CF1E6 /* Detail VC.swift in Sources */ = {isa = PBXBuildFile; fileRef = B52F1B952327AAD7001CF1E6 /* Detail VC.swift */; };
		B52F1B9C2327BB25001CF1E6 /* Item.swift in Sources */ = {isa = PBXBuildFile; fileRef = B52F1B9B2327BB25001CF1E6 /* Item.swift */; };
		B52F1B9E2327BD1A001CF1E6 /* FoodItems.swift in Sources */ = {isa = PBXBuildFile; fileRef = B52F1B9D2327BD1A001CF1E6 /* FoodItems.swift */; };
		B52F1BA02327C3AB001CF1E6 /* ItemCell.swift in Sources */ = {isa = PBXBuildFile; fileRef = B52F1B9F2327C3AB001CF1E6 /* ItemCell.swift */; };
		B550A2322327F96200FE19B1 /* IAPService.swift in Sources */ = {isa = PBXBuildFile; fileRef = B550A2312327F96200FE19B1 /* IAPService.swift */; };
		B550A23423280C2200FE19B1 /* Constants.swift in Sources */ = {isa = PBXBuildFile; fileRef = B550A23323280C2200FE19B1 /* Constants.swift */; };
		B550A237232A4E2C00FE19B1 /* Product.swift in Sources */ = {isa = PBXBuildFile; fileRef = B550A236232A4E2C00FE19B1 /* Product.swift */; };
		B550A239232A4E6900FE19B1 /* Purchase.swift in Sources */ = {isa = PBXBuildFile; fileRef = B550A238232A4E6900FE19B1 /* Purchase.swift */; };
		B5B73E372324445C000CDCB1 /* AppDelegate.swift in Sources */ = {isa = PBXBuildFile; fileRef = B5B73E362324445C000CDCB1 /* AppDelegate.swift */; };
		B5B73E392324445C000CDCB1 /* StoreFrontVC.swift in Sources */ = {isa = PBXBuildFile; fileRef = B5B73E382324445C000CDCB1 /* StoreFrontVC.swift */; };
		B5B73E3C2324445C000CDCB1 /* Main.storyboard in Resources */ = {isa = PBXBuildFile; fileRef = B5B73E3A2324445C000CDCB1 /* Main.storyboard */; };
		B5B73E3E2324445E000CDCB1 /* Assets.xcassets in Resources */ = {isa = PBXBuildFile; fileRef = B5B73E3D2324445E000CDCB1 /* Assets.xcassets */; };
		B5B73E412324445E000CDCB1 /* LaunchScreen.storyboard in Resources */ = {isa = PBXBuildFile; fileRef = B5B73E3F2324445E000CDCB1 /* LaunchScreen.storyboard */; };
/* End PBXBuildFile section */

/* Begin PBXFileReference section */
		B52F1B952327AAD7001CF1E6 /* Detail VC.swift */ = {isa = PBXFileReference; lastKnownFileType = sourcecode.swift; path = "Detail VC.swift"; sourceTree = "<group>"; };
		B52F1B9B2327BB25001CF1E6 /* Item.swift */ = {isa = PBXFileReference; lastKnownFileType = sourcecode.swift; path = Item.swift; sourceTree = "<group>"; };
		B52F1B9D2327BD1A001CF1E6 /* FoodItems.swift */ = {isa = PBXFileReference; lastKnownFileType = sourcecode.swift; path = FoodItems.swift; sourceTree = "<group>"; };
		B52F1B9F2327C3AB001CF1E6 /* ItemCell.swift */ = {isa = PBXFileReference; lastKnownFileType = sourcecode.swift; path = ItemCell.swift; sourceTree = "<group>"; };
		B550A2312327F96200FE19B1 /* IAPService.swift */ = {isa = PBXFileReference; lastKnownFileType = sourcecode.swift; path = IAPService.swift; sourceTree = "<group>"; };
		B550A23323280C2200FE19B1 /* Constants.swift */ = {isa = PBXFileReference; lastKnownFileType = sourcecode.swift; path = Constants.swift; sourceTree = "<group>"; };
		B550A236232A4E2C00FE19B1 /* Product.swift */ = {isa = PBXFileReference; lastKnownFileType = sourcecode.swift; path = Product.swift; sourceTree = "<group>"; };
		B550A238232A4E6900FE19B1 /* Purchase.swift */ = {isa = PBXFileReference; lastKnownFileType = sourcecode.swift; path = Purchase.swift; sourceTree = "<group>"; };
		B5B73E332324445C000CDCB1 /* FoodZilla.app */ = {isa = PBXFileReference; explicitFileType = wrapper.application; includeInIndex = 0; path = FoodZilla.app; sourceTree = BUILT_PRODUCTS_DIR; };
		B5B73E362324445C000CDCB1 /* AppDelegate.swift */ = {isa = PBXFileReference; lastKnownFileType = sourcecode.swift; path = AppDelegate.swift; sourceTree = "<group>"; };
		B5B73E382324445C000CDCB1 /* StoreFrontVC.swift */ = {isa = PBXFileReference; lastKnownFileType = sourcecode.swift; path = StoreFrontVC.swift; sourceTree = "<group>"; };
		B5B73E3B2324445C000CDCB1 /* Base */ = {isa = PBXFileReference; lastKnownFileType = file.storyboard; name = Base; path = Base.lproj/Main.storyboard; sourceTree = "<group>"; };
		B5B73E3D2324445E000CDCB1 /* Assets.xcassets */ = {isa = PBXFileReference; lastKnownFileType = folder.assetcatalog; path = Assets.xcassets; sourceTree = "<group>"; };
		B5B73E402324445E000CDCB1 /* Base */ = {isa = PBXFileReference; lastKnownFileType = file.storyboard; name = Base; path = Base.lproj/LaunchScreen.storyboard; sourceTree = "<group>"; };
		B5B73E422324445E000CDCB1 /* Info.plist */ = {isa = PBXFileReference; lastKnownFileType = text.plist.xml; path = Info.plist; sourceTree = "<group>"; };
/* End PBXFileReference section */

/* Begin PBXFrameworksBuildPhase section */
		B5B73E302324445C000CDCB1 /* Frameworks */ = {
			isa = PBXFrameworksBuildPhase;
			buildActionMask = 2147483647;
			files = (
			);
			runOnlyForDeploymentPostprocessing = 0;
		};
/* End PBXFrameworksBuildPhase section */

/* Begin PBXGroup section */
		B52F1B972327BA95001CF1E6 /* Controller */ = {
			isa = PBXGroup;
			children = (
				B5B73E382324445C000CDCB1 /* StoreFrontVC.swift */,
				B52F1B952327AAD7001CF1E6 /* Detail VC.swift */,
			);
			path = Controller;
			sourceTree = "<group>";
		};
		B52F1B982327BAB8001CF1E6 /* View */ = {
			isa = PBXGroup;
			children = (
				B52F1B9F2327C3AB001CF1E6 /* ItemCell.swift */,
			);
			path = View;
			sourceTree = "<group>";
		};
		B52F1B992327BAC4001CF1E6 /* Model */ = {
			isa = PBXGroup;
			children = (
				B52F1B9B2327BB25001CF1E6 /* Item.swift */,
			);
			path = Model;
			sourceTree = "<group>";
		};
		B52F1B9A2327BADC001CF1E6 /* Utilites */ = {
			isa = PBXGroup;
			children = (
				B52F1B9D2327BD1A001CF1E6 /* FoodItems.swift */,
			);
			path = Utilites;
			sourceTree = "<group>";
		};
		B550A2302327F93D00FE19B1 /* Services */ = {
			isa = PBXGroup;
			children = (
				B550A2312327F96200FE19B1 /* IAPService.swift */,
				B550A23323280C2200FE19B1 /* Constants.swift */,
			);
			path = Services;
			sourceTree = "<group>";
		};
		B550A235232A4E1900FE19B1 /* Enum */ = {
			isa = PBXGroup;
			children = (
				B550A236232A4E2C00FE19B1 /* Product.swift */,
				B550A238232A4E6900FE19B1 /* Purchase.swift */,
			);
			path = Enum;
			sourceTree = "<group>";
		};
		B5B73E2A2324445C000CDCB1 = {
			isa = PBXGroup;
			children = (
				B5B73E352324445C000CDCB1 /* FoodZilla */,
				B5B73E342324445C000CDCB1 /* Products */,
			);
			sourceTree = "<group>";
		};
		B5B73E342324445C000CDCB1 /* Products */ = {
			isa = PBXGroup;
			children = (
				B5B73E332324445C000CDCB1 /* FoodZilla.app */,
			);
			name = Products;
			sourceTree = "<group>";
		};
		B5B73E352324445C000CDCB1 /* FoodZilla */ = {
			isa = PBXGroup;
			children = (
				B550A235232A4E1900FE19B1 /* Enum */,
				B550A2302327F93D00FE19B1 /* Services */,
				B52F1B9A2327BADC001CF1E6 /* Utilites */,
				B52F1B992327BAC4001CF1E6 /* Model */,
				B52F1B982327BAB8001CF1E6 /* View */,
				B52F1B972327BA95001CF1E6 /* Controller */,
				B5B73E362324445C000CDCB1 /* AppDelegate.swift */,
				B5B73E3A2324445C000CDCB1 /* Main.storyboard */,
				B5B73E3D2324445E000CDCB1 /* Assets.xcassets */,
				B5B73E3F2324445E000CDCB1 /* LaunchScreen.storyboard */,
				B5B73E422324445E000CDCB1 /* Info.plist */,
			);
			path = FoodZilla;
			sourceTree = "<group>";
		};
/* End PBXGroup section */

/* Begin PBXNativeTarget section */
		B5B73E322324445C000CDCB1 /* FoodZilla */ = {
			isa = PBXNativeTarget;
			buildConfigurationList = B5B73E452324445E000CDCB1 /* Build configuration list for PBXNativeTarget "FoodZilla" */;
			buildPhases = (
				B5B73E2F2324445C000CDCB1 /* Sources */,
				B5B73E302324445C000CDCB1 /* Frameworks */,
				B5B73E312324445C000CDCB1 /* Resources */,
			);
			buildRules = (
			);
			dependencies = (
			);
			name = FoodZilla;
			productName = FoodZilla;
			productReference = B5B73E332324445C000CDCB1 /* FoodZilla.app */;
			productType = "com.apple.product-type.application";
		};
/* End PBXNativeTarget section */

/* Begin PBXProject section */
		B5B73E2B2324445C000CDCB1 /* Project object */ = {
			isa = PBXProject;
			attributes = {
				LastSwiftUpdateCheck = 1030;
				LastUpgradeCheck = 1030;
				ORGANIZATIONNAME = "Denis Rakitin";
				TargetAttributes = {
					B5B73E322324445C000CDCB1 = {
						CreatedOnToolsVersion = 10.3;
					};
				};
			};
			buildConfigurationList = B5B73E2E2324445C000CDCB1 /* Build configuration list for PBXProject "FoodZilla" */;
			compatibilityVersion = "Xcode 9.3";
			developmentRegion = en;
			hasScannedForEncodings = 0;
			knownRegions = (
				en,
				Base,
			);
			mainGroup = B5B73E2A2324445C000CDCB1;
			productRefGroup = B5B73E342324445C000CDCB1 /* Products */;
			projectDirPath = "";
			projectRoot = "";
			targets = (
				B5B73E322324445C000CDCB1 /* FoodZilla */,
			);
		};
/* End PBXProject section */

/* Begin PBXResourcesBuildPhase section */
		B5B73E312324445C000CDCB1 /* Resources */ = {
			isa = PBXResourcesBuildPhase;
			buildActionMask = 2147483647;
			files = (
				B5B73E412324445E000CDCB1 /* LaunchScreen.storyboard in Resources */,
				B5B73E3E2324445E000CDCB1 /* Assets.xcassets in Resources */,
				B5B73E3C2324445C000CDCB1 /* Main.storyboard in Resources */,
			);
			runOnlyForDeploymentPostprocessing = 0;
		};
/* End PBXResourcesBuildPhase section */

/* Begin PBXSourcesBuildPhase section */
		B5B73E2F2324445C000CDCB1 /* Sources */ = {
			isa = PBXSourcesBuildPhase;
			buildActionMask = 2147483647;
			files = (
				B52F1B9C2327BB25001CF1E6 /* Item.swift in Sources */,
				B5B73E392324445C000CDCB1 /* StoreFrontVC.swift in Sources */,
				B550A237232A4E2C00FE19B1 /* Product.swift in Sources */,
				B52F1BA02327C3AB001CF1E6 /* ItemCell.swift in Sources */,
				B52F1B962327AAD7001CF1E6 /* Detail VC.swift in Sources */,
				B550A2322327F96200FE19B1 /* IAPService.swift in Sources */,
				B550A239232A4E6900FE19B1 /* Purchase.swift in Sources */,
				B5B73E372324445C000CDCB1 /* AppDelegate.swift in Sources */,
				B52F1B9E2327BD1A001CF1E6 /* FoodItems.swift in Sources */,
				B550A23423280C2200FE19B1 /* Constants.swift in Sources */,
			);
			runOnlyForDeploymentPostprocessing = 0;
		};
/* End PBXSourcesBuildPhase section */

/* Begin PBXVariantGroup section */
		B5B73E3A2324445C000CDCB1 /* Main.storyboard */ = {
			isa = PBXVariantGroup;
			children = (
				B5B73E3B2324445C000CDCB1 /* Base */,
			);
			name = Main.storyboard;
			sourceTree = "<group>";
		};
		B5B73E3F2324445E000CDCB1 /* LaunchScreen.storyboard */ = {
			isa = PBXVariantGroup;
			children = (
				B5B73E402324445E000CDCB1 /* Base */,
			);
			name = LaunchScreen.storyboard;
			sourceTree = "<group>";
		};
/* End PBXVariantGroup section */

/* Begin XCBuildConfiguration section */
		B5B73E432324445E000CDCB1 /* Debug */ = {
			isa = XCBuildConfiguration;
			buildSettings = {
				ALWAYS_SEARCH_USER_PATHS = NO;
				CLANG_ANALYZER_NONNULL = YES;
				CLANG_ANALYZER_NUMBER_OBJECT_CONVERSION = YES_AGGRESSIVE;
				CLANG_CXX_LANGUAGE_STANDARD = "gnu++14";
				CLANG_CXX_LIBRARY = "libc++";
				CLANG_ENABLE_MODULES = YES;
				CLANG_ENABLE_OBJC_ARC = YES;
				CLANG_ENABLE_OBJC_WEAK = YES;
				CLANG_WARN_BLOCK_CAPTURE_AUTORELEASING = YES;
				CLANG_WARN_BOOL_CONVERSION = YES;
				CLANG_WARN_COMMA = YES;
				CLANG_WARN_CONSTANT_CONVERSION = YES;
				CLANG_WARN_DEPRECATED_OBJC_IMPLEMENTATIONS = YES;
				CLANG_WARN_DIRECT_OBJC_ISA_USAGE = YES_ERROR;
				CLANG_WARN_DOCUMENTATION_COMMENTS = YES;
				CLANG_WARN_EMPTY_BODY = YES;
				CLANG_WARN_ENUM_CONVERSION = YES;
				CLANG_WARN_INFINITE_RECURSION = YES;
				CLANG_WARN_INT_CONVERSION = YES;
				CLANG_WARN_NON_LITERAL_NULL_CONVERSION = YES;
				CLANG_WARN_OBJC_IMPLICIT_RETAIN_SELF = YES;
				CLANG_WARN_OBJC_LITERAL_CONVERSION = YES;
				CLANG_WARN_OBJC_ROOT_CLASS = YES_ERROR;
				CLANG_WARN_RANGE_LOOP_ANALYSIS = YES;
				CLANG_WARN_STRICT_PROTOTYPES = YES;
				CLANG_WARN_SUSPICIOUS_MOVE = YES;
				CLANG_WARN_UNGUARDED_AVAILABILITY = YES_AGGRESSIVE;
				CLANG_WARN_UNREACHABLE_CODE = YES;
				CLANG_WARN__DUPLICATE_METHOD_MATCH = YES;
				CODE_SIGN_IDENTITY = "iPhone Developer";
				COPY_PHASE_STRIP = NO;
				DEBUG_INFORMATION_FORMAT = dwarf;
				ENABLE_STRICT_OBJC_MSGSEND = YES;
				ENABLE_TESTABILITY = YES;
				GCC_C_LANGUAGE_STANDARD = gnu11;
				GCC_DYNAMIC_NO_PIC = NO;
				GCC_NO_COMMON_BLOCKS = YES;
				GCC_OPTIMIZATION_LEVEL = 0;
				GCC_PREPROCESSOR_DEFINITIONS = (
					"DEBUG=1",
					"$(inherited)",
				);
				GCC_WARN_64_TO_32_BIT_CONVERSION = YES;
				GCC_WARN_ABOUT_RETURN_TYPE = YES_ERROR;
				GCC_WARN_UNDECLARED_SELECTOR = YES;
				GCC_WARN_UNINITIALIZED_AUTOS = YES_AGGRESSIVE;
				GCC_WARN_UNUSED_FUNCTION = YES;
				GCC_WARN_UNUSED_VARIABLE = YES;
				IPHONEOS_DEPLOYMENT_TARGET = 12.4;
				MTL_ENABLE_DEBUG_INFO = INCLUDE_SOURCE;
				MTL_FAST_MATH = YES;
				ONLY_ACTIVE_ARCH = YES;
				SDKROOT = iphoneos;
				SWIFT_ACTIVE_COMPILATION_CONDITIONS = DEBUG;
				SWIFT_OPTIMIZATION_LEVEL = "-Onone";
			};
			name = Debug;
		};
		B5B73E442324445E000CDCB1 /* Release */ = {
			isa = XCBuildConfiguration;
			buildSettings = {
				ALWAYS_SEARCH_USER_PATHS = NO;
				CLANG_ANALYZER_NONNULL = YES;
				CLANG_ANALYZER_NUMBER_OBJECT_CONVERSION = YES_AGGRESSIVE;
				CLANG_CXX_LANGUAGE_STANDARD = "gnu++14";
				CLANG_CXX_LIBRARY = "libc++";
				CLANG_ENABLE_MODULES = YES;
				CLANG_ENABLE_OBJC_ARC = YES;
				CLANG_ENABLE_OBJC_WEAK = YES;
				CLANG_WARN_BLOCK_CAPTURE_AUTORELEASING = YES;
				CLANG_WARN_BOOL_CONVERSION = YES;
				CLANG_WARN_COMMA = YES;
				CLANG_WARN_CONSTANT_CONVERSION = YES;
				CLANG_WARN_DEPRECATED_OBJC_IMPLEMENTATIONS = YES;
				CLANG_WARN_DIRECT_OBJC_ISA_USAGE = YES_ERROR;
				CLANG_WARN_DOCUMENTATION_COMMENTS = YES;
				CLANG_WARN_EMPTY_BODY = YES;
				CLANG_WARN_ENUM_CONVERSION = YES;
				CLANG_WARN_INFINITE_RECURSION = YES;
				CLANG_WARN_INT_CONVERSION = YES;
				CLANG_WARN_NON_LITERAL_NULL_CONVERSION = YES;
				CLANG_WARN_OBJC_IMPLICIT_RETAIN_SELF = YES;
				CLANG_WARN_OBJC_LITERAL_CONVERSION = YES;
				CLANG_WARN_OBJC_ROOT_CLASS = YES_ERROR;
				CLANG_WARN_RANGE_LOOP_ANALYSIS = YES;
				CLANG_WARN_STRICT_PROTOTYPES = YES;
				CLANG_WARN_SUSPICIOUS_MOVE = YES;
				CLANG_WARN_UNGUARDED_AVAILABILITY = YES_AGGRESSIVE;
				CLANG_WARN_UNREACHABLE_CODE = YES;
				CLANG_WARN__DUPLICATE_METHOD_MATCH = YES;
				CODE_SIGN_IDENTITY = "iPhone Developer";
				COPY_PHASE_STRIP = NO;
				DEBUG_INFORMATION_FORMAT = "dwarf-with-dsym";
				ENABLE_NS_ASSERTIONS = NO;
				ENABLE_STRICT_OBJC_MSGSEND = YES;
				GCC_C_LANGUAGE_STANDARD = gnu11;
				GCC_NO_COMMON_BLOCKS = YES;
				GCC_WARN_64_TO_32_BIT_CONVERSION = YES;
				GCC_WARN_ABOUT_RETURN_TYPE = YES_ERROR;
				GCC_WARN_UNDECLARED_SELECTOR = YES;
				GCC_WARN_UNINITIALIZED_AUTOS = YES_AGGRESSIVE;
				GCC_WARN_UNUSED_FUNCTION = YES;
				GCC_WARN_UNUSED_VARIABLE = YES;
				IPHONEOS_DEPLOYMENT_TARGET = 12.4;
				MTL_ENABLE_DEBUG_INFO = NO;
				MTL_FAST_MATH = YES;
				SDKROOT = iphoneos;
				SWIFT_COMPILATION_MODE = wholemodule;
				SWIFT_OPTIMIZATION_LEVEL = "-O";
				VALIDATE_PRODUCT = YES;
			};
			name = Release;
		};
		B5B73E462324445E000CDCB1 /* Debug */ = {
			isa = XCBuildConfiguration;
			buildSettings = {
				ASSETCATALOG_COMPILER_APPICON_NAME = AppIcon;
				CODE_SIGN_STYLE = Automatic;
				DEVELOPMENT_TEAM = 83G4KB5W5L;
				INFOPLIST_FILE = FoodZilla/Info.plist;
				LD_RUNPATH_SEARCH_PATHS = (
					"$(inherited)",
					"@executable_path/Frameworks",
				);
				PRODUCT_BUNDLE_IDENTIFIER = com.den.rakitin.FoodZilla;
				PRODUCT_NAME = "$(TARGET_NAME)";
				SWIFT_VERSION = 5.0;
				TARGETED_DEVICE_FAMILY = "1,2";
			};
			name = Debug;
		};
		B5B73E472324445E000CDCB1 /* Release */ = {
			isa = XCBuildConfiguration;
			buildSettings = {
				ASSETCATALOG_COMPILER_APPICON_NAME = AppIcon;
				CODE_SIGN_STYLE = Automatic;
				DEVELOPMENT_TEAM = 83G4KB5W5L;
				INFOPLIST_FILE = FoodZilla/Info.plist;
				LD_RUNPATH_SEARCH_PATHS = (
					"$(inherited)",
					"@executable_path/Frameworks",
				);
				PRODUCT_BUNDLE_IDENTIFIER = com.den.rakitin.FoodZilla;
				PRODUCT_NAME = "$(TARGET_NAME)";
				SWIFT_VERSION = 5.0;
				TARGETED_DEVICE_FAMILY = "1,2";
			};
			name = Release;
		};
/* End XCBuildConfiguration section */

/* Begin XCConfigurationList section */
		B5B73E2E2324445C000CDCB1 /* Build configuration list for PBXProject "FoodZilla" */ = {
			isa = XCConfigurationList;
			buildConfigurations = (
				B5B73E432324445E000CDCB1 /* Debug */,
				B5B73E442324445E000CDCB1 /* Release */,
			);
			defaultConfigurationIsVisible = 0;
			defaultConfigurationName = Release;
		};
		B5B73E452324445E000CDCB1 /* Build configuration list for PBXNativeTarget "FoodZilla" */ = {
			isa = XCConfigurationList;
			buildConfigurations = (
				B5B73E462324445E000CDCB1 /* Debug */,
				B5B73E472324445E000CDCB1 /* Release */,
			);
			defaultConfigurationIsVisible = 0;
			defaultConfigurationName = Release;
		};
/* End XCConfigurationList section */
	};
	rootObject = B5B73E2B2324445C000CDCB1 /* Project object */;
}
